
Microsoft Visual Studio Solution File, Format Version 12.00
# Visual Studio Version 18
VisualStudioVersion = 18.3.11520.95 d18.3
MinimumVisualStudioVersion = 10.0.40219.1
Project("{8BC9CEB8-8B4A-11D0-8D11-00A0C91BC942}") = "Command History Manager", "Command History Manager.vcxproj", "{1BEEE196-82C5-41C4-FC83-B1DF217BB974}"
EndProject
Global
	GlobalSection(SolutionConfigurationPlatforms) = preSolution
		Debug|x64 = Debug|x64
		Debug|x86 = Debug|x86
		Release|x64 = Release|x64
		Release|x86 = Release|x86
	EndGlobalSection
	GlobalSection(ProjectConfigurationPlatforms) = postSolution
		{1BEEE196-82C5-41C4-FC83-B1DF217BB974}.Debug|x64.ActiveCfg = Debug|x64
		{1BEEE196-82C5-41C4-FC83-B1DF217BB974}.Debug|x64.Build.0 = Debug|x64
		{1BEEE196-82C5-41C4-FC83-B1DF217BB974}.Debug|x86.ActiveCfg = Debug|Win32
		{1BEEE196-82C5-41C4-FC83-B1DF217BB974}.Debug|x86.Build.0 = Debug|Win32
		{1BEEE196-82C5-41C4-FC83-B1DF217BB974}.Release|x64.ActiveCfg = Release|x64
		{1BEEE196-82C5-41C4-FC83-B1DF217BB974}.Release|x64.Build.0 = Release|x64
		{1BEEE196-82C5-41C4-FC83-B1DF217BB974}.Release|x86.ActiveCfg = Release|Win32
		{1BEEE196-82C5-41C4-FC83-B1DF217BB974}.Release|x86.Build.0 = Release|Win32
	EndGlobalSection
	GlobalSection(SolutionProperties) = preSolution
		HideSolutionNode = FALSE
	EndGlobalSection
	GlobalSection(ExtensibilityGlobals) = postSolution
		SolutionGuid = {4D105E96-756B-4A1A-85BD-FDD57C74A039}
	EndGlobalSection
EndGlobal
